
Microsoft Visual Studio Solution File, Format Version 12.00
# Visual Studio Version 17
VisualStudioVersion = 17.0.31903.59
MinimumVisualStudioVersion = 10.0.40219.1
Project("{2150E333-8FDC-42A3-9474-1A3956D46DE8}") = "src", "src", "{827E0CD3-B72D-47B6-A68D-7590B98EB39B}"
EndProject
Project("{FAE04EC0-301F-11D3-BF4B-00C04F79EFBC}") = "Alife.Domain", "src\Alife.Domain\Alife.Domain.csproj", "{3EB53F4F-3526-43C5-872A-750D6CD9CD21}"
EndProject
Project("{FAE04EC0-301F-11D3-BF4B-00C04F79EFBC}") = "Alife.Application", "src\Alife.Application\Alife.Application.csproj", "{46C45238-FC07-4853-ADA4-B01A788E9EAA}"
EndProject
Project("{FAE04EC0-301F-11D3-BF4B-00C04F79EFBC}") = "Alife.Infrastructure", "src\Alife.Infrastructure\Alife.Infrastructure.csproj", "{8070F648-D892-4BDD-8DD5-B1DD11793594}"
EndProject
Project("{FAE04EC0-301F-11D3-BF4B-00C04F79EFBC}") = "Alife.Api", "src\Alife.Api\Alife.Api.csproj", "{90C92A08-31BA-4DF0-9F82-9AFA12E1AD6D}"
EndProject
Project("{FAE04EC0-301F-11D3-BF4B-00C04F79EFBC}") = "Alife.DbMigrator", "src\Alife.DbMigrator\Alife.DbMigrator.csproj", "{5BD4D48B-741C-4D68-B1B8-111B2E50802E}"
EndProject
Project("{FAE04EC0-301F-11D3-BF4B-00C04F79EFBC}") = "Alife.Tests.Unit", "tests\Alife.Tests.Unit\Alife.Tests.Unit.csproj", "{BA40224A-85F8-4DD5-8705-3F4B6BB8599A}"
EndProject
Global
	GlobalSection(SolutionConfigurationPlatforms) = preSolution
		Debug|Any CPU = Debug|Any CPU
		Debug|x64 = Debug|x64
		Debug|x86 = Debug|x86
		Release|Any CPU = Release|Any CPU
		Release|x64 = Release|x64
		Release|x86 = Release|x86
	EndGlobalSection
	GlobalSection(ProjectConfigurationPlatforms) = postSolution
		{3EB53F4F-3526-43C5-872A-750D6CD9CD21}.Debug|Any CPU.ActiveCfg = Debug|Any CPU
		{3EB53F4F-3526-43C5-872A-750D6CD9CD21}.Debug|Any CPU.Build.0 = Debug|Any CPU
		{3EB53F4F-3526-43C5-872A-750D6CD9CD21}.Debug|x64.ActiveCfg = Debug|Any CPU
		{3EB53F4F-3526-43C5-872A-750D6CD9CD21}.Debug|x64.Build.0 = Debug|Any CPU
		{3EB53F4F-3526-43C5-872A-750D6CD9CD21}.Debug|x86.ActiveCfg = Debug|Any CPU
		{3EB53F4F-3526-43C5-872A-750D6CD9CD21}.Debug|x86.Build.0 = Debug|Any CPU
		{3EB53F4F-3526-43C5-872A-750D6CD9CD21}.Release|Any CPU.ActiveCfg = Release|Any CPU
		{3EB53F4F-3526-43C5-872A-750D6CD9CD21}.Release|Any CPU.Build.0 = Release|Any CPU
		{3EB53F4F-3526-43C5-872A-750D6CD9CD21}.Release|x64.ActiveCfg = Release|Any CPU
		{3EB53F4F-3526-43C5-872A-750D6CD9CD21}.Release|x64.Build.0 = Release|Any CPU
		{3EB53F4F-3526-43C5-872A-750D6CD9CD21}.Release|x86.ActiveCfg = Release|Any CPU
		{3EB53F4F-3526-43C5-872A-750D6CD9CD21}.Release|x86.Build.0 = Release|Any CPU
		{46C45238-FC07-4853-ADA4-B01A788E9EAA}.Debug|Any CPU.ActiveCfg = Debug|Any CPU
		{46C45238-FC07-4853-ADA4-B01A788E9EAA}.Debug|Any CPU.Build.0 = Debug|Any CPU
		{46C45238-FC07-4853-ADA4-B01A788E9EAA}.Debug|x64.ActiveCfg = Debug|Any CPU
		{46C45238-FC07-4853-ADA4-B01A788E9EAA}.Debug|x64.Build.0 = Debug|Any CPU
		{46C45238-FC07-4853-ADA4-B01A788E9EAA}.Debug|x86.ActiveCfg = Debug|Any CPU
		{46C45238-FC07-4853-ADA4-B01A788E9EAA}.Debug|x86.Build.0 = Debug|Any CPU
		{46C45238-FC07-4853-ADA4-B01A788E9EAA}.Release|Any CPU.ActiveCfg = Release|Any CPU
		{46C45238-FC07-4853-ADA4-B01A788E9EAA}.Release|Any CPU.Build.0 = Release|Any CPU
		{46C45238-FC07-4853-ADA4-B01A788E9EAA}.Release|x64.ActiveCfg = Release|Any CPU
		{46C45238-FC07-4853-ADA4-B01A788E9EAA}.Release|x64.Build.0 = Release|Any CPU
		{46C45238-FC07-4853-ADA4-B01A788E9EAA}.Release|x86.ActiveCfg = Release|Any CPU
		{46C45238-FC07-4853-ADA4-B01A788E9EAA}.Release|x86.Build.0 = Release|Any CPU
		{8070F648-D892-4BDD-8DD5-B1DD11793594}.Debug|Any CPU.ActiveCfg = Debug|Any CPU
		{8070F648-D892-4BDD-8DD5-B1DD11793594}.Debug|Any CPU.Build.0 = Debug|Any CPU
		{8070F648-D892-4BDD-8DD5-B1DD11793594}.Debug|x64.ActiveCfg = Debug|Any CPU
		{8070F648-D892-4BDD-8DD5-B1DD11793594}.Debug|x64.Build.0 = Debug|Any CPU
		{8070F648-D892-4BDD-8DD5-B1DD11793594}.Debug|x86.ActiveCfg = Debug|Any CPU
		{8070F648-D892-4BDD-8DD5-B1DD11793594}.Debug|x86.Build.0 = Debug|Any CPU
		{8070F648-D892-4BDD-8DD5-B1DD11793594}.Release|Any CPU.ActiveCfg = Release|Any CPU
		{8070F648-D892-4BDD-8DD5-B1DD11793594}.Release|Any CPU.Build.0 = Release|Any CPU
		{8070F648-D892-4BDD-8DD5-B1DD11793594}.Release|x64.ActiveCfg = Release|Any CPU
		{8070F648-D892-4BDD-8DD5-B1DD11793594}.Release|x64.Build.0 = Release|Any CPU
		{8070F648-D892-4BDD-8DD5-B1DD11793594}.Release|x86.ActiveCfg = Release|Any CPU
		{8070F648-D892-4BDD-8DD5-B1DD11793594}.Release|x86.Build.0 = Release|Any CPU
		{90C92A08-31BA-4DF0-9F82-9AFA12E1AD6D}.Debug|Any CPU.ActiveCfg = Debug|Any CPU
		{90C92A08-31BA-4DF0-9F82-9AFA12E1AD6D}.Debug|Any CPU.Build.0 = Debug|Any CPU
		{90C92A08-31BA-4DF0-9F82-9AFA12E1AD6D}.Debug|x64.ActiveCfg = Debug|Any CPU
		{90C92A08-31BA-4DF0-9F82-9AFA12E1AD6D}.Debug|x64.Build.0 = Debug|Any CPU
		{90C92A08-31BA-4DF0-9F82-9AFA12E1AD6D}.Debug|x86.ActiveCfg = Debug|Any CPU
		{90C92A08-31BA-4DF0-9F82-9AFA12E1AD6D}.Debug|x86.Build.0 = Debug|Any CPU
		{90C92A08-31BA-4DF0-9F82-9AFA12E1AD6D}.Release|Any CPU.ActiveCfg = Release|Any CPU
		{90C92A08-31BA-4DF0-9F82-9AFA12E1AD6D}.Release|Any CPU.Build.0 = Release|Any CPU
		{90C92A08-31BA-4DF0-9F82-9AFA12E1AD6D}.Release|x64.ActiveCfg = Release|Any CPU
		{90C92A08-31BA-4DF0-9F82-9AFA12E1AD6D}.Release|x64.Build.0 = Release|Any CPU
		{90C92A08-31BA-4DF0-9F82-9AFA12E1AD6D}.Release|x86.ActiveCfg = Release|Any CPU
		{90C92A08-31BA-4DF0-9F82-9AFA12E1AD6D}.Release|x86.Build.0 = Release|Any CPU
		{5BD4D48B-741C-4D68-B1B8-111B2E50802E}.Debug|Any CPU.ActiveCfg = Debug|Any CPU
		{5BD4D48B-741C-4D68-B1B8-111B2E50802E}.Debug|Any CPU.Build.0 = Debug|Any CPU
		{5BD4D48B-741C-4D68-B1B8-111B2E50802E}.Debug|x64.ActiveCfg = Debug|Any CPU
		{5BD4D48B-741C-4D68-B1B8-111B2E50802E}.Debug|x64.Build.0 = Debug|Any CPU
		{5BD4D48B-741C-4D68-B1B8-111B2E50802E}.Debug|x86.ActiveCfg = Debug|Any CPU
		{5BD4D48B-741C-4D68-B1B8-111B2E50802E}.Debug|x86.Build.0 = Debug|Any CPU
		{5BD4D48B-741C-4D68-B1B8-111B2E50802E}.Release|Any CPU.ActiveCfg = Release|Any CPU
		{5BD4D48B-741C-4D68-B1B8-111B2E50802E}.Release|Any CPU.Build.0 = Release|Any CPU
		{5BD4D48B-741C-4D68-B1B8-111B2E50802E}.Release|x64.ActiveCfg = Release|Any CPU
		{5BD4D48B-741C-4D68-B1B8-111B2E50802E}.Release|x64.Build.0 = Release|Any CPU
		{5BD4D48B-741C-4D68-B1B8-111B2E50802E}.Release|x86.ActiveCfg = Release|Any CPU
		{5BD4D48B-741C-4D68-B1B8-111B2E50802E}.Release|x86.Build.0 = Release|Any CPU
		{BA40224A-85F8-4DD5-8705-3F4B6BB8599A}.Debug|Any CPU.ActiveCfg = Debug|Any CPU
		{BA40224A-85F8-4DD5-8705-3F4B6BB8599A}.Debug|Any CPU.Build.0 = Debug|Any CPU
		{BA40224A-85F8-4DD5-8705-3F4B6BB8599A}.Debug|x64.ActiveCfg = Debug|Any CPU
		{BA40224A-85F8-4DD5-8705-3F4B6BB8599A}.Debug|x64.Build.0 = Debug|Any CPU
		{BA40224A-85F8-4DD5-8705-3F4B6BB8599A}.Debug|x86.ActiveCfg = Debug|Any CPU
		{BA40224A-85F8-4DD5-8705-3F4B6BB8599A}.Debug|x86.Build.0 = Debug|Any CPU
		{BA40224A-85F8-4DD5-8705-3F4B6BB8599A}.Release|Any CPU.ActiveCfg = Release|Any CPU
		{BA40224A-85F8-4DD5-8705-3F4B6BB8599A}.Release|Any CPU.Build.0 = Release|Any CPU
		{BA40224A-85F8-4DD5-8705-3F4B6BB8599A}.Release|x64.ActiveCfg = Release|Any CPU
		{BA40224A-85F8-4DD5-8705-3F4B6BB8599A}.Release|x64.Build.0 = Release|Any CPU
		{BA40224A-85F8-4DD5-8705-3F4B6BB8599A}.Release|x86.ActiveCfg = Release|Any CPU
		{BA40224A-85F8-4DD5-8705-3F4B6BB8599A}.Release|x86.Build.0 = Release|Any CPU
	EndGlobalSection
	GlobalSection(SolutionProperties) = preSolution
		HideSolutionNode = FALSE
	EndGlobalSection
	GlobalSection(NestedProjects) = preSolution
		{3EB53F4F-3526-43C5-872A-750D6CD9CD21} = {827E0CD3-B72D-47B6-A68D-7590B98EB39B}
		{46C45238-FC07-4853-ADA4-B01A788E9EAA} = {827E0CD3-B72D-47B6-A68D-7590B98EB39B}
		{8070F648-D892-4BDD-8DD5-B1DD11793594} = {827E0CD3-B72D-47B6-A68D-7590B98EB39B}
		{90C92A08-31BA-4DF0-9F82-9AFA12E1AD6D} = {827E0CD3-B72D-47B6-A68D-7590B98EB39B}
		{5BD4D48B-741C-4D68-B1B8-111B2E50802E} = {827E0CD3-B72D-47B6-A68D-7590B98EB39B}
		{BA40224A-85F8-4DD5-8705-3F4B6BB8599A} = {827E0CD3-B72D-47B6-A68D-7590B98EB39B}
	EndGlobalSection
EndGlobal
